
Microsoft Visual Studio Solution File, Format Version 12.00
# Visual Studio 2012
Project("{FAE04EC0-301F-11D3-BF4B-00C04F79EFBC}") = "PUI.Android", "PUI.Android\PUI.Android.csproj", "{B6B702AE-736A-4DCF-AE40-784321705845}"
EndProject
Project("{FAE04EC0-301F-11D3-BF4B-00C04F79EFBC}") = "PUI.iOS", "PUI.iOS\PUI.iOS.csproj", "{C431D271-8FA0-4A57-96CC-3724E0390220}"
EndProject
Project("{D954291E-2A0B-460D-934E-DC6B0785DB48}") = "PUI", "PUI\PUI.shproj", "{DBEDB824-E708-4E08-84DB-E7038674BA1C}"
EndProject
Global
	GlobalSection(SolutionConfigurationPlatforms) = preSolution
		Debug|Any CPU = Debug|Any CPU
		Release|Any CPU = Release|Any CPU
		Debug|iPhoneSimulator = Debug|iPhoneSimulator
		Release|iPhoneSimulator = Release|iPhoneSimulator
		Debug|iPhone = Debug|iPhone
		Release|iPhone = Release|iPhone
		Ad-Hoc|iPhone = Ad-Hoc|iPhone
		AppStore|iPhone = AppStore|iPhone
	EndGlobalSection
	GlobalSection(ProjectConfigurationPlatforms) = postSolution
		{B6B702AE-736A-4DCF-AE40-784321705845}.Debug|Any CPU.ActiveCfg = Debug|Any CPU
		{B6B702AE-736A-4DCF-AE40-784321705845}.Debug|Any CPU.Build.0 = Debug|Any CPU
		{B6B702AE-736A-4DCF-AE40-784321705845}.Release|Any CPU.ActiveCfg = Release|Any CPU
		{B6B702AE-736A-4DCF-AE40-784321705845}.Release|Any CPU.Build.0 = Release|Any CPU
		{B6B702AE-736A-4DCF-AE40-784321705845}.Debug|iPhoneSimulator.ActiveCfg = Debug|Any CPU
		{B6B702AE-736A-4DCF-AE40-784321705845}.Debug|iPhoneSimulator.Build.0 = Debug|Any CPU
		{B6B702AE-736A-4DCF-AE40-784321705845}.Release|iPhoneSimulator.ActiveCfg = Release|Any CPU
		{B6B702AE-736A-4DCF-AE40-784321705845}.Release|iPhoneSimulator.Build.0 = Release|Any CPU
		{B6B702AE-736A-4DCF-AE40-784321705845}.Debug|iPhone.ActiveCfg = Debug|Any CPU
		{B6B702AE-736A-4DCF-AE40-784321705845}.Debug|iPhone.Build.0 = Debug|Any CPU
		{B6B702AE-736A-4DCF-AE40-784321705845}.Release|iPhone.ActiveCfg = Release|Any CPU
		{B6B702AE-736A-4DCF-AE40-784321705845}.Release|iPhone.Build.0 = Release|Any CPU
		{B6B702AE-736A-4DCF-AE40-784321705845}.Ad-Hoc|iPhone.ActiveCfg = Debug|Any CPU
		{B6B702AE-736A-4DCF-AE40-784321705845}.Ad-Hoc|iPhone.Build.0 = Debug|Any CPU
		{B6B702AE-736A-4DCF-AE40-784321705845}.AppStore|iPhone.ActiveCfg = Debug|Any CPU
		{B6B702AE-736A-4DCF-AE40-784321705845}.AppStore|iPhone.Build.0 = Debug|Any CPU
		{C431D271-8FA0-4A57-96CC-3724E0390220}.Debug|Any CPU.ActiveCfg = Debug|iPhoneSimulator
		{C431D271-8FA0-4A57-96CC-3724E0390220}.Debug|Any CPU.Build.0 = Debug|iPhoneSimulator
		{C431D271-8FA0-4A57-96CC-3724E0390220}.Release|Any CPU.ActiveCfg = Release|iPhoneSimulator
		{C431D271-8FA0-4A57-96CC-3724E0390220}.Release|Any CPU.Build.0 = Release|iPhoneSimulator
		{C431D271-8FA0-4A57-96CC-3724E0390220}.Debug|iPhoneSimulator.ActiveCfg = Debug|iPhoneSimulator
		{C431D271-8FA0-4A57-96CC-3724E0390220}.Debug|iPhoneSimulator.Build.0 = Debug|iPhoneSimulator
		{C431D271-8FA0-4A57-96CC-3724E0390220}.Release|iPhoneSimulator.ActiveCfg = Release|iPhoneSimulator
		{C431D271-8FA0-4A57-96CC-3724E0390220}.Release|iPhoneSimulator.Build.0 = Release|iPhoneSimulator
		{C431D271-8FA0-4A57-96CC-3724E0390220}.Debug|iPhone.ActiveCfg = Debug|iPhone
		{C431D271-8FA0-4A57-96CC-3724E0390220}.Debug|iPhone.Build.0 = Debug|iPhone
		{C431D271-8FA0-4A57-96CC-3724E0390220}.Release|iPhone.ActiveCfg = Release|iPhone
		{C431D271-8FA0-4A57-96CC-3724E0390220}.Release|iPhone.Build.0 = Release|iPhone
		{C431D271-8FA0-4A57-96CC-3724E0390220}.Ad-Hoc|iPhone.ActiveCfg = Ad-Hoc|iPhone
		{C431D271-8FA0-4A57-96CC-3724E0390220}.Ad-Hoc|iPhone.Build.0 = Ad-Hoc|iPhone
		{C431D271-8FA0-4A57-96CC-3724E0390220}.AppStore|iPhone.ActiveCfg = AppStore|iPhone
		{C431D271-8FA0-4A57-96CC-3724E0390220}.AppStore|iPhone.Build.0 = AppStore|iPhone
	EndGlobalSection
EndGlobal
